
Microsoft Visual Studio Solution File, Format Version 12.00
# Visual Studio Version 17
VisualStudioVersion = 17.3.32929.385
MinimumVisualStudioVersion = 10.0.40219.1
Project("{FAE04EC0-301F-11D3-BF4B-00C04F79EFBC}") = "RentMobile.Android", "RentMobile\RentMobile.Android\RentMobile.Android.csproj", "{A15A79F0-FE6F-4BAA-A51E-1C9562CEABB4}"
EndProject
Project("{FAE04EC0-301F-11D3-BF4B-00C04F79EFBC}") = "RentMobile.iOS", "RentMobile\RentMobile.iOS\RentMobile.iOS.csproj", "{C29245E0-7061-4B26-B84C-04C780E7F8EB}"
EndProject
Project("{9A19103F-16F7-4668-BE54-9A1E7A4F7556}") = "RentMobile", "RentMobile\RentMobile\RentMobile.csproj", "{E187FA6F-0497-4564-B750-506B86754E10}"
EndProject
Global
	GlobalSection(SolutionConfigurationPlatforms) = preSolution
		Ad-Hoc|Any CPU = Ad-Hoc|Any CPU
		Ad-Hoc|iPhone = Ad-Hoc|iPhone
		Ad-Hoc|iPhoneSimulator = Ad-Hoc|iPhoneSimulator
		AppStore|Any CPU = AppStore|Any CPU
		AppStore|iPhone = AppStore|iPhone
		AppStore|iPhoneSimulator = AppStore|iPhoneSimulator
		Debug|Any CPU = Debug|Any CPU
		Debug|iPhone = Debug|iPhone
		Debug|iPhoneSimulator = Debug|iPhoneSimulator
		Release|Any CPU = Release|Any CPU
		Release|iPhone = Release|iPhone
		Release|iPhoneSimulator = Release|iPhoneSimulator
	EndGlobalSection
	GlobalSection(ProjectConfigurationPlatforms) = postSolution
		{A15A79F0-FE6F-4BAA-A51E-1C9562CEABB4}.Ad-Hoc|Any CPU.ActiveCfg = Release|Any CPU
		{A15A79F0-FE6F-4BAA-A51E-1C9562CEABB4}.Ad-Hoc|Any CPU.Build.0 = Release|Any CPU
		{A15A79F0-FE6F-4BAA-A51E-1C9562CEABB4}.Ad-Hoc|Any CPU.Deploy.0 = Release|Any CPU
		{A15A79F0-FE6F-4BAA-A51E-1C9562CEABB4}.Ad-Hoc|iPhone.ActiveCfg = Release|Any CPU
		{A15A79F0-FE6F-4BAA-A51E-1C9562CEABB4}.Ad-Hoc|iPhone.Build.0 = Release|Any CPU
		{A15A79F0-FE6F-4BAA-A51E-1C9562CEABB4}.Ad-Hoc|iPhone.Deploy.0 = Release|Any CPU
		{A15A79F0-FE6F-4BAA-A51E-1C9562CEABB4}.Ad-Hoc|iPhoneSimulator.ActiveCfg = Release|Any CPU
		{A15A79F0-FE6F-4BAA-A51E-1C9562CEABB4}.Ad-Hoc|iPhoneSimulator.Build.0 = Release|Any CPU
		{A15A79F0-FE6F-4BAA-A51E-1C9562CEABB4}.Ad-Hoc|iPhoneSimulator.Deploy.0 = Release|Any CPU
		{A15A79F0-FE6F-4BAA-A51E-1C9562CEABB4}.AppStore|Any CPU.ActiveCfg = Release|Any CPU
		{A15A79F0-FE6F-4BAA-A51E-1C9562CEABB4}.AppStore|Any CPU.Build.0 = Release|Any CPU
		{A15A79F0-FE6F-4BAA-A51E-1C9562CEABB4}.AppStore|Any CPU.Deploy.0 = Release|Any CPU
		{A15A79F0-FE6F-4BAA-A51E-1C9562CEABB4}.AppStore|iPhone.ActiveCfg = Release|Any CPU
		{A15A79F0-FE6F-4BAA-A51E-1C9562CEABB4}.AppStore|iPhone.Build.0 = Release|Any CPU
		{A15A79F0-FE6F-4BAA-A51E-1C9562CEABB4}.AppStore|iPhone.Deploy.0 = Release|Any CPU
		{A15A79F0-FE6F-4BAA-A51E-1C9562CEABB4}.AppStore|iPhoneSimulator.ActiveCfg = Release|Any CPU
		{A15A79F0-FE6F-4BAA-A51E-1C9562CEABB4}.AppStore|iPhoneSimulator.Build.0 = Release|Any CPU
		{A15A79F0-FE6F-4BAA-A51E-1C9562CEABB4}.AppStore|iPhoneSimulator.Deploy.0 = Release|Any CPU
		{A15A79F0-FE6F-4BAA-A51E-1C9562CEABB4}.Debug|Any CPU.ActiveCfg = Debug|Any CPU
		{A15A79F0-FE6F-4BAA-A51E-1C9562CEABB4}.Debug|Any CPU.Build.0 = Debug|Any CPU
		{A15A79F0-FE6F-4BAA-A51E-1C9562CEABB4}.Debug|Any CPU.Deploy.0 = Debug|Any CPU
		{A15A79F0-FE6F-4BAA-A51E-1C9562CEABB4}.Debug|iPhone.ActiveCfg = Debug|Any CPU
		{A15A79F0-FE6F-4BAA-A51E-1C9562CEABB4}.Debug|iPhone.Build.0 = Debug|Any CPU
		{A15A79F0-FE6F-4BAA-A51E-1C9562CEABB4}.Debug|iPhone.Deploy.0 = Debug|Any CPU
		{A15A79F0-FE6F-4BAA-A51E-1C9562CEABB4}.Debug|iPhoneSimulator.ActiveCfg = Debug|Any CPU
		{A15A79F0-FE6F-4BAA-A51E-1C9562CEABB4}.Debug|iPhoneSimulator.Build.0 = Debug|Any CPU
		{A15A79F0-FE6F-4BAA-A51E-1C9562CEABB4}.Debug|iPhoneSimulator.Deploy.0 = Debug|Any CPU
		{A15A79F0-FE6F-4BAA-A51E-1C9562CEABB4}.Release|Any CPU.ActiveCfg = Release|Any CPU
		{A15A79F0-FE6F-4BAA-A51E-1C9562CEABB4}.Release|Any CPU.Build.0 = Release|Any CPU
		{A15A79F0-FE6F-4BAA-A51E-1C9562CEABB4}.Release|Any CPU.Deploy.0 = Release|Any CPU
		{A15A79F0-FE6F-4BAA-A51E-1C9562CEABB4}.Release|iPhone.ActiveCfg = Release|Any CPU
		{A15A79F0-FE6F-4BAA-A51E-1C9562CEABB4}.Release|iPhone.Build.0 = Release|Any CPU
		{A15A79F0-FE6F-4BAA-A51E-1C9562CEABB4}.Release|iPhone.Deploy.0 = Release|Any CPU
		{A15A79F0-FE6F-4BAA-A51E-1C9562CEABB4}.Release|iPhoneSimulator.ActiveCfg = Release|Any CPU
		{A15A79F0-FE6F-4BAA-A51E-1C9562CEABB4}.Release|iPhoneSimulator.Build.0 = Release|Any CPU
		{A15A79F0-FE6F-4BAA-A51E-1C9562CEABB4}.Release|iPhoneSimulator.Deploy.0 = Release|Any CPU
		{C29245E0-7061-4B26-B84C-04C780E7F8EB}.Ad-Hoc|Any CPU.ActiveCfg = Ad-Hoc|iPhone
		{C29245E0-7061-4B26-B84C-04C780E7F8EB}.Ad-Hoc|Any CPU.Build.0 = Ad-Hoc|iPhone
		{C29245E0-7061-4B26-B84C-04C780E7F8EB}.Ad-Hoc|Any CPU.Deploy.0 = Ad-Hoc|iPhone
		{C29245E0-7061-4B26-B84C-04C780E7F8EB}.Ad-Hoc|iPhone.ActiveCfg = Ad-Hoc|iPhone
		{C29245E0-7061-4B26-B84C-04C780E7F8EB}.Ad-Hoc|iPhone.Build.0 = Ad-Hoc|iPhone
		{C29245E0-7061-4B26-B84C-04C780E7F8EB}.Ad-Hoc|iPhone.Deploy.0 = Ad-Hoc|iPhone
		{C29245E0-7061-4B26-B84C-04C780E7F8EB}.Ad-Hoc|iPhoneSimulator.ActiveCfg = Ad-Hoc|iPhoneSimulator
		{C29245E0-7061-4B26-B84C-04C780E7F8EB}.Ad-Hoc|iPhoneSimulator.Build.0 = Ad-Hoc|iPhoneSimulator
		{C29245E0-7061-4B26-B84C-04C780E7F8EB}.Ad-Hoc|iPhoneSimulator.Deploy.0 = Ad-Hoc|iPhoneSimulator
		{C29245E0-7061-4B26-B84C-04C780E7F8EB}.AppStore|Any CPU.ActiveCfg = AppStore|iPhone
		{C29245E0-7061-4B26-B84C-04C780E7F8EB}.AppStore|Any CPU.Build.0 = AppStore|iPhone
		{C29245E0-7061-4B26-B84C-04C780E7F8EB}.AppStore|Any CPU.Deploy.0 = AppStore|iPhone
		{C29245E0-7061-4B26-B84C-04C780E7F8EB}.AppStore|iPhone.ActiveCfg = AppStore|iPhone
		{C29245E0-7061-4B26-B84C-04C780E7F8EB}.AppStore|iPhone.Build.0 = AppStore|iPhone
		{C29245E0-7061-4B26-B84C-04C780E7F8EB}.AppStore|iPhone.Deploy.0 = AppStore|iPhone
		{C29245E0-7061-4B26-B84C-04C780E7F8EB}.AppStore|iPhoneSimulator.ActiveCfg = AppStore|iPhoneSimulator
		{C29245E0-7061-4B26-B84C-04C780E7F8EB}.AppStore|iPhoneSimulator.Build.0 = AppStore|iPhoneSimulator
		{C29245E0-7061-4B26-B84C-04C780E7F8EB}.AppStore|iPhoneSimulator.Deploy.0 = AppStore|iPhoneSimulator
		{C29245E0-7061-4B26-B84C-04C780E7F8EB}.Debug|Any CPU.ActiveCfg = Debug|iPhoneSimulator
		{C29245E0-7061-4B26-B84C-04C780E7F8EB}.Debug|Any CPU.Build.0 = Debug|iPhoneSimulator
		{C29245E0-7061-4B26-B84C-04C780E7F8EB}.Debug|Any CPU.Deploy.0 = Debug|iPhoneSimulator
		{C29245E0-7061-4B26-B84C-04C780E7F8EB}.Debug|iPhone.ActiveCfg = Debug|iPhone
		{C29245E0-7061-4B26-B84C-04C780E7F8EB}.Debug|iPhone.Build.0 = Debug|iPhone
		{C29245E0-7061-4B26-B84C-04C780E7F8EB}.Debug|iPhone.Deploy.0 = Debug|iPhone
		{C29245E0-7061-4B26-B84C-04C780E7F8EB}.Debug|iPhoneSimulator.ActiveCfg = Debug|iPhoneSimulator
		{C29245E0-7061-4B26-B84C-04C780E7F8EB}.Debug|iPhoneSimulator.Build.0 = Debug|iPhoneSimulator
		{C29245E0-7061-4B26-B84C-04C780E7F8EB}.Debug|iPhoneSimulator.Deploy.0 = Debug|iPhoneSimulator
		{C29245E0-7061-4B26-B84C-04C780E7F8EB}.Release|Any CPU.ActiveCfg = Release|iPhone
		{C29245E0-7061-4B26-B84C-04C780E7F8EB}.Release|Any CPU.Build.0 = Release|iPhone
		{C29245E0-7061-4B26-B84C-04C780E7F8EB}.Release|Any CPU.Deploy.0 = Release|iPhone
		{C29245E0-7061-4B26-B84C-04C780E7F8EB}.Release|iPhone.ActiveCfg = Release|iPhone
		{C29245E0-7061-4B26-B84C-04C780E7F8EB}.Release|iPhone.Build.0 = Release|iPhone
		{C29245E0-7061-4B26-B84C-04C780E7F8EB}.Release|iPhone.Deploy.0 = Release|iPhone
		{C29245E0-7061-4B26-B84C-04C780E7F8EB}.Release|iPhoneSimulator.ActiveCfg = Release|iPhoneSimulator
		{C29245E0-7061-4B26-B84C-04C780E7F8EB}.Release|iPhoneSimulator.Build.0 = Release|iPhoneSimulator
		{C29245E0-7061-4B26-B84C-04C780E7F8EB}.Release|iPhoneSimulator.Deploy.0 = Release|iPhoneSimulator
		{E187FA6F-0497-4564-B750-506B86754E10}.Ad-Hoc|Any CPU.ActiveCfg = Debug|Any CPU
		{E187FA6F-0497-4564-B750-506B86754E10}.Ad-Hoc|Any CPU.Build.0 = Debug|Any CPU
		{E187FA6F-0497-4564-B750-506B86754E10}.Ad-Hoc|Any CPU.Deploy.0 = Debug|Any CPU
		{E187FA6F-0497-4564-B750-506B86754E10}.Ad-Hoc|iPhone.ActiveCfg = Debug|Any CPU
		{E187FA6F-0497-4564-B750-506B86754E10}.Ad-Hoc|iPhone.Build.0 = Debug|Any CPU
		{E187FA6F-0497-4564-B750-506B86754E10}.Ad-Hoc|iPhone.Deploy.0 = Debug|Any CPU
		{E187FA6F-0497-4564-B750-506B86754E10}.Ad-Hoc|iPhoneSimulator.ActiveCfg = Debug|Any CPU
		{E187FA6F-0497-4564-B750-506B86754E10}.Ad-Hoc|iPhoneSimulator.Build.0 = Debug|Any CPU
		{E187FA6F-0497-4564-B750-506B86754E10}.Ad-Hoc|iPhoneSimulator.Deploy.0 = Debug|Any CPU
		{E187FA6F-0497-4564-B750-506B86754E10}.AppStore|Any CPU.ActiveCfg = Debug|Any CPU
		{E187FA6F-0497-4564-B750-506B86754E10}.AppStore|Any CPU.Build.0 = Debug|Any CPU
		{E187FA6F-0497-4564-B750-506B86754E10}.AppStore|Any CPU.Deploy.0 = Debug|Any CPU
		{E187FA6F-0497-4564-B750-506B86754E10}.AppStore|iPhone.ActiveCfg = Debug|Any CPU
		{E187FA6F-0497-4564-B750-506B86754E10}.AppStore|iPhone.Build.0 = Debug|Any CPU
		{E187FA6F-0497-4564-B750-506B86754E10}.AppStore|iPhone.Deploy.0 = Debug|Any CPU
		{E187FA6F-0497-4564-B750-506B86754E10}.AppStore|iPhoneSimulator.ActiveCfg = Debug|Any CPU
		{E187FA6F-0497-4564-B750-506B86754E10}.AppStore|iPhoneSimulator.Build.0 = Debug|Any CPU
		{E187FA6F-0497-4564-B750-506B86754E10}.AppStore|iPhoneSimulator.Deploy.0 = Debug|Any CPU
		{E187FA6F-0497-4564-B750-506B86754E10}.Debug|Any CPU.ActiveCfg = Debug|Any CPU
		{E187FA6F-0497-4564-B750-506B86754E10}.Debug|Any CPU.Build.0 = Debug|Any CPU
		{E187FA6F-0497-4564-B750-506B86754E10}.Debug|Any CPU.Deploy.0 = Debug|Any CPU
		{E187FA6F-0497-4564-B750-506B86754E10}.Debug|iPhone.ActiveCfg = Debug|Any CPU
		{E187FA6F-0497-4564-B750-506B86754E10}.Debug|iPhone.Build.0 = Debug|Any CPU
		{E187FA6F-0497-4564-B750-506B86754E10}.Debug|iPhone.Deploy.0 = Debug|Any CPU
		{E187FA6F-0497-4564-B750-506B86754E10}.Debug|iPhoneSimulator.ActiveCfg = Debug|Any CPU
		{E187FA6F-0497-4564-B750-506B86754E10}.Debug|iPhoneSimulator.Build.0 = Debug|Any CPU
		{E187FA6F-0497-4564-B750-506B86754E10}.Debug|iPhoneSimulator.Deploy.0 = Debug|Any CPU
		{E187FA6F-0497-4564-B750-506B86754E10}.Release|Any CPU.ActiveCfg = Release|Any CPU
		{E187FA6F-0497-4564-B750-506B86754E10}.Release|Any CPU.Build.0 = Release|Any CPU
		{E187FA6F-0497-4564-B750-506B86754E10}.Release|Any CPU.Deploy.0 = Release|Any CPU
		{E187FA6F-0497-4564-B750-506B86754E10}.Release|iPhone.ActiveCfg = Release|Any CPU
		{E187FA6F-0497-4564-B750-506B86754E10}.Release|iPhone.Build.0 = Release|Any CPU
		{E187FA6F-0497-4564-B750-506B86754E10}.Release|iPhone.Deploy.0 = Release|Any CPU
		{E187FA6F-0497-4564-B750-506B86754E10}.Release|iPhoneSimulator.ActiveCfg = Release|Any CPU
		{E187FA6F-0497-4564-B750-506B86754E10}.Release|iPhoneSimulator.Build.0 = Release|Any CPU
		{E187FA6F-0497-4564-B750-506B86754E10}.Release|iPhoneSimulator.Deploy.0 = Release|Any CPU
	EndGlobalSection
	GlobalSection(SolutionProperties) = preSolution
		HideSolutionNode = FALSE
	EndGlobalSection
	GlobalSection(ExtensibilityGlobals) = postSolution
		SolutionGuid = {BFBAF23F-F68C-4212-9528-5B47338C88C6}
	EndGlobalSection
EndGlobal
